{
  "name": "juego-canvas",
  "version": "1.0.0",
  "lockfileVersion": 1,
  "requires": true,
  "dependencies": {
    "streetzero": {
      "version": "0.3.1",
      "resolved": "https://registry.npmjs.org/streetzero/-/streetzero-0.3.1.tgz",
      "integrity": "sha512-87ngCWez1wQtfin0jl/gXbqFmi+xSw9Oz7QmzWUxm5huaq6NpukfkhqQS3/49d1VOmv3wVLARJi/Gw15A0gULw=="
    }
  }
}
